
Microsoft Visual Studio Solution File, Format Version 12.00
# Visual Studio 15
Project("{FAE04EC0-301F-11D3-BF4B-00C04F79EFBC}") = "Assembly-CSharp", "Assembly-CSharp.csproj", "{FAF57BD9-EAD2-6E0B-DA16-482A46894642}"
EndProject
Project("{FAE04EC0-301F-11D3-BF4B-00C04F79EFBC}") = "Assembly-CSharp-firstpass", "Assembly-CSharp-firstpass.csproj", "{CD451A71-A9B0-2FB0-5ED9-1853E72ED9D1}"
EndProject
Project("{FAE04EC0-301F-11D3-BF4B-00C04F79EFBC}") = "Assembly-CSharp-Editor-firstpass", "Assembly-CSharp-Editor-firstpass.csproj", "{EABE0BCB-7383-49A0-E333-F18BEF2EB557}"
EndProject
Global
	GlobalSection(SolutionConfigurationPlatforms) = preSolution
		Debug|Any CPU = Debug|Any CPU
		Release|Any CPU = Release|Any CPU
	EndGlobalSection
	GlobalSection(ProjectConfigurationPlatforms) = postSolution
		{FAF57BD9-EAD2-6E0B-DA16-482A46894642}.Debug|Any CPU.ActiveCfg = Debug|Any CPU
		{FAF57BD9-EAD2-6E0B-DA16-482A46894642}.Debug|Any CPU.Build.0 = Debug|Any CPU
		{FAF57BD9-EAD2-6E0B-DA16-482A46894642}.Release|Any CPU.ActiveCfg = Release|Any CPU
		{FAF57BD9-EAD2-6E0B-DA16-482A46894642}.Release|Any CPU.Build.0 = Release|Any CPU
		{CD451A71-A9B0-2FB0-5ED9-1853E72ED9D1}.Debug|Any CPU.ActiveCfg = Debug|Any CPU
		{CD451A71-A9B0-2FB0-5ED9-1853E72ED9D1}.Debug|Any CPU.Build.0 = Debug|Any CPU
		{CD451A71-A9B0-2FB0-5ED9-1853E72ED9D1}.Release|Any CPU.ActiveCfg = Release|Any CPU
		{CD451A71-A9B0-2FB0-5ED9-1853E72ED9D1}.Release|Any CPU.Build.0 = Release|Any CPU
		{EABE0BCB-7383-49A0-E333-F18BEF2EB557}.Debug|Any CPU.ActiveCfg = Debug|Any CPU
		{EABE0BCB-7383-49A0-E333-F18BEF2EB557}.Debug|Any CPU.Build.0 = Debug|Any CPU
		{EABE0BCB-7383-49A0-E333-F18BEF2EB557}.Release|Any CPU.ActiveCfg = Release|Any CPU
		{EABE0BCB-7383-49A0-E333-F18BEF2EB557}.Release|Any CPU.Build.0 = Release|Any CPU
	EndGlobalSection
	GlobalSection(SolutionProperties) = preSolution
		HideSolutionNode = FALSE
	EndGlobalSection
EndGlobal
